// !$*UTF8*$!
{
	archiveVersion = 1;
	classes = {
	};
	objectVersion = 51;
	objects = {

/* Begin PBXBuildFile section */
		036C343351DFB991DD4DCC2C /* Pods_TwitterDemo_TwitterDemoUITests.framework in Frameworks */ = {isa = PBXBuildFile; fileRef = 664B99F832A1E6E27BE29CBB /* Pods_TwitterDemo_TwitterDemoUITests.framework */; };
		2C393F71A33D487C4410F649 /* Pods_TwitterDemo.framework in Frameworks */ = {isa = PBXBuildFile; fileRef = 19D98864B605FF4D6C3F95C5 /* Pods_TwitterDemo.framework */; };
		8A2F330DE4BC80171A4910F0 /* Pods_TwitterDemoTests.framework in Frameworks */ = {isa = PBXBuildFile; fileRef = 5E41B542FC8EF4ED85D747BC /* Pods_TwitterDemoTests.framework */; };
		A40620C524C253A6009394BB /* UIImageView+Extensions.swift in Sources */ = {isa = PBXBuildFile; fileRef = A40620C424C253A6009394BB /* UIImageView+Extensions.swift */; };
		A429E14F24C2416E008FE7C6 /* FirebaseAPI.swift in Sources */ = {isa = PBXBuildFile; fileRef = A429E14E24C2416E008FE7C6 /* FirebaseAPI.swift */; };
		A429E15124C248F2008FE7C6 /* SignupViewController.swift in Sources */ = {isa = PBXBuildFile; fileRef = A429E15024C248F2008FE7C6 /* SignupViewController.swift */; };
		A429E15324C24EBC008FE7C6 /* PostViewCell.swift in Sources */ = {isa = PBXBuildFile; fileRef = A429E15224C24EBC008FE7C6 /* PostViewCell.swift */; };
		A429E15524C24EFD008FE7C6 /* PostViewCell.xib in Resources */ = {isa = PBXBuildFile; fileRef = A429E15424C24EFD008FE7C6 /* PostViewCell.xib */; };
		A429E15724C24F6B008FE7C6 /* UITableView+Extensions.swift in Sources */ = {isa = PBXBuildFile; fileRef = A429E15624C24F6B008FE7C6 /* UITableView+Extensions.swift */; };
		A429E15924C24F9A008FE7C6 /* UIView+Extensions.swift in Sources */ = {isa = PBXBuildFile; fileRef = A429E15824C24F9A008FE7C6 /* UIView+Extensions.swift */; };
		A45D485724C1DFF4004C4473 /* Post.swift in Sources */ = {isa = PBXBuildFile; fileRef = A45D485624C1DFF4004C4473 /* Post.swift */; };
		C75FFAB524C1ABA200583450 /* LoginViewController.swift in Sources */ = {isa = PBXBuildFile; fileRef = C75FFAB424C1ABA200583450 /* LoginViewController.swift */; };
		C75FFAB724C1ABD300583450 /* LoginScreen.storyboard in Resources */ = {isa = PBXBuildFile; fileRef = C75FFAB624C1ABD300583450 /* LoginScreen.storyboard */; };
		C75FFABA24C1B9E700583450 /* GoogleService-Info.plist in Resources */ = {isa = PBXBuildFile; fileRef = C75FFAB924C1B9E700583450 /* GoogleService-Info.plist */; };
		C7925FA424C19E7F00262A28 /* AppDelegate.swift in Sources */ = {isa = PBXBuildFile; fileRef = C7925FA324C19E7F00262A28 /* AppDelegate.swift */; };
		C7925FA624C19E7F00262A28 /* SceneDelegate.swift in Sources */ = {isa = PBXBuildFile; fileRef = C7925FA524C19E7F00262A28 /* SceneDelegate.swift */; };
		C7925FA824C19E7F00262A28 /* HomeViewController.swift in Sources */ = {isa = PBXBuildFile; fileRef = C7925FA724C19E7F00262A28 /* HomeViewController.swift */; };
		C7925FAB24C19E7F00262A28 /* HomeScreen.storyboard in Resources */ = {isa = PBXBuildFile; fileRef = C7925FA924C19E7F00262A28 /* HomeScreen.storyboard */; };
		C7925FAD24C19E8100262A28 /* Assets.xcassets in Resources */ = {isa = PBXBuildFile; fileRef = C7925FAC24C19E8100262A28 /* Assets.xcassets */; };
		C7925FB024C19E8100262A28 /* LaunchScreen.storyboard in Resources */ = {isa = PBXBuildFile; fileRef = C7925FAE24C19E8100262A28 /* LaunchScreen.storyboard */; };
		C7925FBB24C19E8100262A28 /* TwitterDemoTests.swift in Sources */ = {isa = PBXBuildFile; fileRef = C7925FBA24C19E8100262A28 /* TwitterDemoTests.swift */; };
		C7925FC624C19E8100262A28 /* TwitterDemoUITests.swift in Sources */ = {isa = PBXBuildFile; fileRef = C7925FC524C19E8100262A28 /* TwitterDemoUITests.swift */; };
		C7925FDE24C1A74200262A28 /* AppConstants.swift in Sources */ = {isa = PBXBuildFile; fileRef = C7925FDD24C1A74200262A28 /* AppConstants.swift */; };
/* End PBXBuildFile section */

/* Begin PBXContainerItemProxy section */
		C7925FB724C19E8100262A28 /* PBXContainerItemProxy */ = {
			isa = PBXContainerItemProxy;
			containerPortal = C7925F9824C19E7F00262A28 /* Project object */;
			proxyType = 1;
			remoteGlobalIDString = C7925F9F24C19E7F00262A28;
			remoteInfo = TwitterDemo;
		};
		C7925FC224C19E8100262A28 /* PBXContainerItemProxy */ = {
			isa = PBXContainerItemProxy;
			containerPortal = C7925F9824C19E7F00262A28 /* Project object */;
			proxyType = 1;
			remoteGlobalIDString = C7925F9F24C19E7F00262A28;
			remoteInfo = TwitterDemo;
		};
/* End PBXContainerItemProxy section */

/* Begin PBXFileReference section */
		19D98864B605FF4D6C3F95C5 /* Pods_TwitterDemo.framework */ = {isa = PBXFileReference; explicitFileType = wrapper.framework; includeInIndex = 0; path = Pods_TwitterDemo.framework; sourceTree = BUILT_PRODUCTS_DIR; };
		26E8852E6EDF2BFC559FD359 /* Pods-TwitterDemo-TwitterDemoUITests.debug.xcconfig */ = {isa = PBXFileReference; includeInIndex = 1; lastKnownFileType = text.xcconfig; name = "Pods-TwitterDemo-TwitterDemoUITests.debug.xcconfig"; path = "Target Support Files/Pods-TwitterDemo-TwitterDemoUITests/Pods-TwitterDemo-TwitterDemoUITests.debug.xcconfig"; sourceTree = "<group>"; };
		2730A3CB2A4502E25C4894F4 /* Pods-TwitterDemo.release.xcconfig */ = {isa = PBXFileReference; includeInIndex = 1; lastKnownFileType = text.xcconfig; name = "Pods-TwitterDemo.release.xcconfig"; path = "Target Support Files/Pods-TwitterDemo/Pods-TwitterDemo.release.xcconfig"; sourceTree = "<group>"; };
		5E41B542FC8EF4ED85D747BC /* Pods_TwitterDemoTests.framework */ = {isa = PBXFileReference; explicitFileType = wrapper.framework; includeInIndex = 0; path = Pods_TwitterDemoTests.framework; sourceTree = BUILT_PRODUCTS_DIR; };
		664B99F832A1E6E27BE29CBB /* Pods_TwitterDemo_TwitterDemoUITests.framework */ = {isa = PBXFileReference; explicitFileType = wrapper.framework; includeInIndex = 0; path = Pods_TwitterDemo_TwitterDemoUITests.framework; sourceTree = BUILT_PRODUCTS_DIR; };
		8A9DF9F1FA3E2F77F7685C2F /* Pods-TwitterDemoTests.release.xcconfig */ = {isa = PBXFileReference; includeInIndex = 1; lastKnownFileType = text.xcconfig; name = "Pods-TwitterDemoTests.release.xcconfig"; path = "Target Support Files/Pods-TwitterDemoTests/Pods-TwitterDemoTests.release.xcconfig"; sourceTree = "<group>"; };
		A40620C424C253A6009394BB /* UIImageView+Extensions.swift */ = {isa = PBXFileReference; lastKnownFileType = sourcecode.swift; name = "UIImageView+Extensions.swift"; path = "TwitterDemo/Screens/Login/UIImageView+Extensions.swift"; sourceTree = SOURCE_ROOT; };
		A429E14E24C2416E008FE7C6 /* FirebaseAPI.swift */ = {isa = PBXFileReference; lastKnownFileType = sourcecode.swift; path = FirebaseAPI.swift; sourceTree = SOURCE_ROOT; };
		A429E15024C248F2008FE7C6 /* SignupViewController.swift */ = {isa = PBXFileReference; lastKnownFileType = sourcecode.swift; path = SignupViewController.swift; sourceTree = "<group>"; };
		A429E15224C24EBC008FE7C6 /* PostViewCell.swift */ = {isa = PBXFileReference; lastKnownFileType = sourcecode.swift; name = PostViewCell.swift; path = TwitterDemo/Screens/Login/PostViewCell.swift; sourceTree = SOURCE_ROOT; };
		A429E15424C24EFD008FE7C6 /* PostViewCell.xib */ = {isa = PBXFileReference; lastKnownFileType = file.xib; name = PostViewCell.xib; path = TwitterDemo/Screens/Login/PostViewCell.xib; sourceTree = SOURCE_ROOT; };
		A429E15624C24F6B008FE7C6 /* UITableView+Extensions.swift */ = {isa = PBXFileReference; lastKnownFileType = sourcecode.swift; name = "UITableView+Extensions.swift"; path = "TwitterDemo/Screens/Login/UITableView+Extensions.swift"; sourceTree = SOURCE_ROOT; };
		A429E15824C24F9A008FE7C6 /* UIView+Extensions.swift */ = {isa = PBXFileReference; lastKnownFileType = sourcecode.swift; name = "UIView+Extensions.swift"; path = "TwitterDemo/Screens/Login/UIView+Extensions.swift"; sourceTree = SOURCE_ROOT; };
		A45D485624C1DFF4004C4473 /* Post.swift */ = {isa = PBXFileReference; lastKnownFileType = sourcecode.swift; path = Post.swift; sourceTree = SOURCE_ROOT; };
		B54C0AD32DEF12858C2486DA /* Pods-TwitterDemoTests.debug.xcconfig */ = {isa = PBXFileReference; includeInIndex = 1; lastKnownFileType = text.xcconfig; name = "Pods-TwitterDemoTests.debug.xcconfig"; path = "Target Support Files/Pods-TwitterDemoTests/Pods-TwitterDemoTests.debug.xcconfig"; sourceTree = "<group>"; };
		B9240630963D95B1EBB8BBE7 /* Pods-TwitterDemo.debug.xcconfig */ = {isa = PBXFileReference; includeInIndex = 1; lastKnownFileType = text.xcconfig; name = "Pods-TwitterDemo.debug.xcconfig"; path = "Target Support Files/Pods-TwitterDemo/Pods-TwitterDemo.debug.xcconfig"; sourceTree = "<group>"; };
		C75FFAB424C1ABA200583450 /* LoginViewController.swift */ = {isa = PBXFileReference; lastKnownFileType = sourcecode.swift; path = LoginViewController.swift; sourceTree = "<group>"; };
		C75FFAB624C1ABD300583450 /* LoginScreen.storyboard */ = {isa = PBXFileReference; lastKnownFileType = file.storyboard; path = LoginScreen.storyboard; sourceTree = "<group>"; };
		C75FFAB924C1B9E700583450 /* GoogleService-Info.plist */ = {isa = PBXFileReference; fileEncoding = 4; lastKnownFileType = text.plist.xml; path = "GoogleService-Info.plist"; sourceTree = "<group>"; };
		C7925FA024C19E7F00262A28 /* TwitterDemo.app */ = {isa = PBXFileReference; explicitFileType = wrapper.application; includeInIndex = 0; path = TwitterDemo.app; sourceTree = BUILT_PRODUCTS_DIR; };
		C7925FA324C19E7F00262A28 /* AppDelegate.swift */ = {isa = PBXFileReference; lastKnownFileType = sourcecode.swift; path = AppDelegate.swift; sourceTree = "<group>"; };
		C7925FA524C19E7F00262A28 /* SceneDelegate.swift */ = {isa = PBXFileReference; lastKnownFileType = sourcecode.swift; path = SceneDelegate.swift; sourceTree = "<group>"; };
		C7925FA724C19E7F00262A28 /* HomeViewController.swift */ = {isa = PBXFileReference; lastKnownFileType = sourcecode.swift; path = HomeViewController.swift; sourceTree = "<group>"; };
		C7925FAA24C19E7F00262A28 /* Base */ = {isa = PBXFileReference; lastKnownFileType = file.storyboard; name = Base; path = Base.lproj/HomeScreen.storyboard; sourceTree = "<group>"; };
		C7925FAC24C19E8100262A28 /* Assets.xcassets */ = {isa = PBXFileReference; lastKnownFileType = folder.assetcatalog; path = Assets.xcassets; sourceTree = "<group>"; };
		C7925FAF24C19E8100262A28 /* Base */ = {isa = PBXFileReference; lastKnownFileType = file.storyboard; name = Base; path = Base.lproj/LaunchScreen.storyboard; sourceTree = "<group>"; };
		C7925FB124C19E8100262A28 /* Info.plist */ = {isa = PBXFileReference; lastKnownFileType = text.plist.xml; path = Info.plist; sourceTree = "<group>"; };
		C7925FB624C19E8100262A28 /* TwitterDemoTests.xctest */ = {isa = PBXFileReference; explicitFileType = wrapper.cfbundle; includeInIndex = 0; path = TwitterDemoTests.xctest; sourceTree = BUILT_PRODUCTS_DIR; };
		C7925FBA24C19E8100262A28 /* TwitterDemoTests.swift */ = {isa = PBXFileReference; lastKnownFileType = sourcecode.swift; path = TwitterDemoTests.swift; sourceTree = "<group>"; };
		C7925FBC24C19E8100262A28 /* Info.plist */ = {isa = PBXFileReference; lastKnownFileType = text.plist.xml; path = Info.plist; sourceTree = "<group>"; };
		C7925FC124C19E8100262A28 /* TwitterDemoUITests.xctest */ = {isa = PBXFileReference; explicitFileType = wrapper.cfbundle; includeInIndex = 0; path = TwitterDemoUITests.xctest; sourceTree = BUILT_PRODUCTS_DIR; };
		C7925FC524C19E8100262A28 /* TwitterDemoUITests.swift */ = {isa = PBXFileReference; lastKnownFileType = sourcecode.swift; path = TwitterDemoUITests.swift; sourceTree = "<group>"; };
		C7925FC724C19E8100262A28 /* Info.plist */ = {isa = PBXFileReference; lastKnownFileType = text.plist.xml; path = Info.plist; sourceTree = "<group>"; };
		C7925FDD24C1A74200262A28 /* AppConstants.swift */ = {isa = PBXFileReference; lastKnownFileType = sourcecode.swift; path = AppConstants.swift; sourceTree = "<group>"; };
		E84B9F3DC88ECDA967571487 /* Pods-TwitterDemo-TwitterDemoUITests.release.xcconfig */ = {isa = PBXFileReference; includeInIndex = 1; lastKnownFileType = text.xcconfig; name = "Pods-TwitterDemo-TwitterDemoUITests.release.xcconfig"; path = "Target Support Files/Pods-TwitterDemo-TwitterDemoUITests/Pods-TwitterDemo-TwitterDemoUITests.release.xcconfig"; sourceTree = "<group>"; };
/* End PBXFileReference section */

/* Begin PBXFrameworksBuildPhase section */
		C7925F9D24C19E7F00262A28 /* Frameworks */ = {
			isa = PBXFrameworksBuildPhase;
			buildActionMask = 2147483647;
			files = (
				2C393F71A33D487C4410F649 /* Pods_TwitterDemo.framework in Frameworks */,
			);
			runOnlyForDeploymentPostprocessing = 0;
		};
		C7925FB324C19E8100262A28 /* Frameworks */ = {
			isa = PBXFrameworksBuildPhase;
			buildActionMask = 2147483647;
			files = (
				8A2F330DE4BC80171A4910F0 /* Pods_TwitterDemoTests.framework in Frameworks */,
			);
			runOnlyForDeploymentPostprocessing = 0;
		};
		C7925FBE24C19E8100262A28 /* Frameworks */ = {
			isa = PBXFrameworksBuildPhase;
			buildActionMask = 2147483647;
			files = (
				036C343351DFB991DD4DCC2C /* Pods_TwitterDemo_TwitterDemoUITests.framework in Frameworks */,
			);
			runOnlyForDeploymentPostprocessing = 0;
		};
/* End PBXFrameworksBuildPhase section */

/* Begin PBXGroup section */
		04288F28D79AC2795E866C38 /* Frameworks */ = {
			isa = PBXGroup;
			children = (
				19D98864B605FF4D6C3F95C5 /* Pods_TwitterDemo.framework */,
				664B99F832A1E6E27BE29CBB /* Pods_TwitterDemo_TwitterDemoUITests.framework */,
				5E41B542FC8EF4ED85D747BC /* Pods_TwitterDemoTests.framework */,
			);
			name = Frameworks;
			sourceTree = "<group>";
		};
		41E2724EA4121D869C896B70 /* Pods */ = {
			isa = PBXGroup;
			children = (
				B9240630963D95B1EBB8BBE7 /* Pods-TwitterDemo.debug.xcconfig */,
				2730A3CB2A4502E25C4894F4 /* Pods-TwitterDemo.release.xcconfig */,
				26E8852E6EDF2BFC559FD359 /* Pods-TwitterDemo-TwitterDemoUITests.debug.xcconfig */,
				E84B9F3DC88ECDA967571487 /* Pods-TwitterDemo-TwitterDemoUITests.release.xcconfig */,
				B54C0AD32DEF12858C2486DA /* Pods-TwitterDemoTests.debug.xcconfig */,
				8A9DF9F1FA3E2F77F7685C2F /* Pods-TwitterDemoTests.release.xcconfig */,
			);
			path = Pods;
			sourceTree = "<group>";
		};
		C75FFAB824C1B64900583450 /* Login */ = {
			isa = PBXGroup;
			children = (
				C75FFAB424C1ABA200583450 /* LoginViewController.swift */,
				A429E15024C248F2008FE7C6 /* SignupViewController.swift */,
			);
			path = Login;
			sourceTree = "<group>";
		};
		C7925F9724C19E7F00262A28 = {
			isa = PBXGroup;
			children = (
				C7925FA224C19E7F00262A28 /* TwitterDemo */,
				C7925FB924C19E8100262A28 /* TwitterDemoTests */,
				C7925FC424C19E8100262A28 /* TwitterDemoUITests */,
				C7925FA124C19E7F00262A28 /* Products */,
				41E2724EA4121D869C896B70 /* Pods */,
				04288F28D79AC2795E866C38 /* Frameworks */,
			);
			sourceTree = "<group>";
		};
		C7925FA124C19E7F00262A28 /* Products */ = {
			isa = PBXGroup;
			children = (
				C7925FA024C19E7F00262A28 /* TwitterDemo.app */,
				C7925FB624C19E8100262A28 /* TwitterDemoTests.xctest */,
				C7925FC124C19E8100262A28 /* TwitterDemoUITests.xctest */,
			);
			name = Products;
			sourceTree = "<group>";
		};
		C7925FA224C19E7F00262A28 /* TwitterDemo */ = {
			isa = PBXGroup;
			children = (
				C75FFAB924C1B9E700583450 /* GoogleService-Info.plist */,
				C7925FB124C19E8100262A28 /* Info.plist */,
				C7925FDB24C1A64400262A28 /* Screens */,
				C7925FDA24C1A57D00262A28 /* API */,
				C7925FD924C1A56F00262A28 /* Models */,
				C7925FD824C1A56200262A28 /* Storyboard */,
				C7925FD724C1A55B00262A28 /* Resources */,
				C7925FD624C1A54C00262A28 /* Extensions */,
				C7925FD524C1A53F00262A28 /* Components */,
				C7925FD424C1A53100262A28 /* Constants */,
				C7925FD324C1A51E00262A28 /* App */,
			);
			path = TwitterDemo;
			sourceTree = "<group>";
		};
		C7925FB924C19E8100262A28 /* TwitterDemoTests */ = {
			isa = PBXGroup;
			children = (
				C7925FBA24C19E8100262A28 /* TwitterDemoTests.swift */,
				C7925FBC24C19E8100262A28 /* Info.plist */,
			);
			path = TwitterDemoTests;
			sourceTree = "<group>";
		};
		C7925FC424C19E8100262A28 /* TwitterDemoUITests */ = {
			isa = PBXGroup;
			children = (
				C7925FC524C19E8100262A28 /* TwitterDemoUITests.swift */,
				C7925FC724C19E8100262A28 /* Info.plist */,
			);
			path = TwitterDemoUITests;
			sourceTree = "<group>";
		};
		C7925FD324C1A51E00262A28 /* App */ = {
			isa = PBXGroup;
			children = (
				C7925FA524C19E7F00262A28 /* SceneDelegate.swift */,
				C7925FA324C19E7F00262A28 /* AppDelegate.swift */,
			);
			path = App;
			sourceTree = "<group>";
		};
		C7925FD424C1A53100262A28 /* Constants */ = {
			isa = PBXGroup;
			children = (
				C7925FDD24C1A74200262A28 /* AppConstants.swift */,
			);
			path = Constants;
			sourceTree = "<group>";
		};
		C7925FD524C1A53F00262A28 /* Components */ = {
			isa = PBXGroup;
			children = (
				A429E15224C24EBC008FE7C6 /* PostViewCell.swift */,
				A429E15424C24EFD008FE7C6 /* PostViewCell.xib */,
			);
			path = Components;
			sourceTree = "<group>";
		};
		C7925FD624C1A54C00262A28 /* Extensions */ = {
			isa = PBXGroup;
			children = (
				A429E15624C24F6B008FE7C6 /* UITableView+Extensions.swift */,
				A429E15824C24F9A008FE7C6 /* UIView+Extensions.swift */,
				A40620C424C253A6009394BB /* UIImageView+Extensions.swift */,
			);
			path = Extensions;
			sourceTree = "<group>";
		};
		C7925FD724C1A55B00262A28 /* Resources */ = {
			isa = PBXGroup;
			children = (
				C7925FAC24C19E8100262A28 /* Assets.xcassets */,
			);
			path = Resources;
			sourceTree = "<group>";
		};
		C7925FD824C1A56200262A28 /* Storyboard */ = {
			isa = PBXGroup;
			children = (
				C7925FA924C19E7F00262A28 /* HomeScreen.storyboard */,
				C7925FAE24C19E8100262A28 /* LaunchScreen.storyboard */,
				C75FFAB624C1ABD300583450 /* LoginScreen.storyboard */,
			);
			path = Storyboard;
			sourceTree = "<group>";
		};
		C7925FD924C1A56F00262A28 /* Models */ = {
			isa = PBXGroup;
			children = (
				A45D485624C1DFF4004C4473 /* Post.swift */,
			);
			path = Models;
			sourceTree = "<group>";
		};
		C7925FDA24C1A57D00262A28 /* API */ = {
			isa = PBXGroup;
			children = (
				A429E14E24C2416E008FE7C6 /* FirebaseAPI.swift */,
			);
			path = API;
			sourceTree = "<group>";
		};
		C7925FDB24C1A64400262A28 /* Screens */ = {
			isa = PBXGroup;
			children = (
				C75FFAB824C1B64900583450 /* Login */,
				C7925FDC24C1A67400262A28 /* Home */,
			);
			path = Screens;
			sourceTree = "<group>";
		};
		C7925FDC24C1A67400262A28 /* Home */ = {
			isa = PBXGroup;
			children = (
				C7925FA724C19E7F00262A28 /* HomeViewController.swift */,
			);
			path = Home;
			sourceTree = "<group>";
		};
/* End PBXGroup section */

/* Begin PBXNativeTarget section */
		C7925F9F24C19E7F00262A28 /* TwitterDemo */ = {
			isa = PBXNativeTarget;
			buildConfigurationList = C7925FCA24C19E8100262A28 /* Build configuration list for PBXNativeTarget "TwitterDemo" */;
			buildPhases = (
				887C0A6D4378948E4B007CD3 /* [CP] Check Pods Manifest.lock */,
				C7925F9C24C19E7F00262A28 /* Sources */,
				C7925F9D24C19E7F00262A28 /* Frameworks */,
				C7925F9E24C19E7F00262A28 /* Resources */,
				0D0B6B949648C66A2B47569A /* [CP] Embed Pods Frameworks */,
			);
			buildRules = (
			);
			dependencies = (
			);
			name = TwitterDemo;
			productName = TwitterDemo;
			productReference = C7925FA024C19E7F00262A28 /* TwitterDemo.app */;
			productType = "com.apple.product-type.application";
		};
		C7925FB524C19E8100262A28 /* TwitterDemoTests */ = {
			isa = PBXNativeTarget;
			buildConfigurationList = C7925FCD24C19E8200262A28 /* Build configuration list for PBXNativeTarget "TwitterDemoTests" */;
			buildPhases = (
				81DA006E9ECFA723448BC927 /* [CP] Check Pods Manifest.lock */,
				C7925FB224C19E8100262A28 /* Sources */,
				C7925FB324C19E8100262A28 /* Frameworks */,
				C7925FB424C19E8100262A28 /* Resources */,
			);
			buildRules = (
			);
			dependencies = (
				C7925FB824C19E8100262A28 /* PBXTargetDependency */,
			);
			name = TwitterDemoTests;
			productName = TwitterDemoTests;
			productReference = C7925FB624C19E8100262A28 /* TwitterDemoTests.xctest */;
			productType = "com.apple.product-type.bundle.unit-test";
		};
		C7925FC024C19E8100262A28 /* TwitterDemoUITests */ = {
			isa = PBXNativeTarget;
			buildConfigurationList = C7925FD024C19E8200262A28 /* Build configuration list for PBXNativeTarget "TwitterDemoUITests" */;
			buildPhases = (
				FF52F334D4064108156E10A8 /* [CP] Check Pods Manifest.lock */,
				C7925FBD24C19E8100262A28 /* Sources */,
				C7925FBE24C19E8100262A28 /* Frameworks */,
				C7925FBF24C19E8100262A28 /* Resources */,
				852E2D9AD13B5FE30451BF99 /* [CP] Embed Pods Frameworks */,
			);
			buildRules = (
			);
			dependencies = (
				C7925FC324C19E8100262A28 /* PBXTargetDependency */,
			);
			name = TwitterDemoUITests;
			productName = TwitterDemoUITests;
			productReference = C7925FC124C19E8100262A28 /* TwitterDemoUITests.xctest */;
			productType = "com.apple.product-type.bundle.ui-testing";
		};
/* End PBXNativeTarget section */

/* Begin PBXProject section */
		C7925F9824C19E7F00262A28 /* Project object */ = {
			isa = PBXProject;
			attributes = {
				LastSwiftUpdateCheck = 1140;
				LastUpgradeCheck = 1140;
				ORGANIZATIONNAME = Tunghc;
				TargetAttributes = {
					C7925F9F24C19E7F00262A28 = {
						CreatedOnToolsVersion = 11.4.1;
					};
					C7925FB524C19E8100262A28 = {
						CreatedOnToolsVersion = 11.4.1;
						TestTargetID = C7925F9F24C19E7F00262A28;
					};
					C7925FC024C19E8100262A28 = {
						CreatedOnToolsVersion = 11.4.1;
						TestTargetID = C7925F9F24C19E7F00262A28;
					};
				};
			};
			buildConfigurationList = C7925F9B24C19E7F00262A28 /* Build configuration list for PBXProject "TwitterDemo" */;
			compatibilityVersion = "Xcode 9.3";
			developmentRegion = en;
			hasScannedForEncodings = 0;
			knownRegions = (
				en,
				Base,
			);
			mainGroup = C7925F9724C19E7F00262A28;
			productRefGroup = C7925FA124C19E7F00262A28 /* Products */;
			projectDirPath = "";
			projectRoot = "";
			targets = (
				C7925F9F24C19E7F00262A28 /* TwitterDemo */,
				C7925FB524C19E8100262A28 /* TwitterDemoTests */,
				C7925FC024C19E8100262A28 /* TwitterDemoUITests */,
			);
		};
/* End PBXProject section */

/* Begin PBXResourcesBuildPhase section */
		C7925F9E24C19E7F00262A28 /* Resources */ = {
			isa = PBXResourcesBuildPhase;
			buildActionMask = 2147483647;
			files = (
				A429E15524C24EFD008FE7C6 /* PostViewCell.xib in Resources */,
				C7925FB024C19E8100262A28 /* LaunchScreen.storyboard in Resources */,
				C7925FAD24C19E8100262A28 /* Assets.xcassets in Resources */,
				C75FFABA24C1B9E700583450 /* GoogleService-Info.plist in Resources */,
				C75FFAB724C1ABD300583450 /* LoginScreen.storyboard in Resources */,
				C7925FAB24C19E7F00262A28 /* HomeScreen.storyboard in Resources */,
			);
			runOnlyForDeploymentPostprocessing = 0;
		};
		C7925FB424C19E8100262A28 /* Resources */ = {
			isa = PBXResourcesBuildPhase;
			buildActionMask = 2147483647;
			files = (
			);
			runOnlyForDeploymentPostprocessing = 0;
		};
		C7925FBF24C19E8100262A28 /* Resources */ = {
			isa = PBXResourcesBuildPhase;
			buildActionMask = 2147483647;
			files = (
			);
			runOnlyForDeploymentPostprocessing = 0;
		};
/* End PBXResourcesBuildPhase section */

/* Begin PBXShellScriptBuildPhase section */
		0D0B6B949648C66A2B47569A /* [CP] Embed Pods Frameworks */ = {
			isa = PBXShellScriptBuildPhase;
			buildActionMask = 2147483647;
			files = (
			);
			inputFileListPaths = (
				"${PODS_ROOT}/Target Support Files/Pods-TwitterDemo/Pods-TwitterDemo-frameworks-${CONFIGURATION}-input-files.xcfilelist",
			);
			name = "[CP] Embed Pods Frameworks";
			outputFileListPaths = (
				"${PODS_ROOT}/Target Support Files/Pods-TwitterDemo/Pods-TwitterDemo-frameworks-${CONFIGURATION}-output-files.xcfilelist",
			);
			runOnlyForDeploymentPostprocessing = 0;
			shellPath = /bin/sh;
			shellScript = "\"${PODS_ROOT}/Target Support Files/Pods-TwitterDemo/Pods-TwitterDemo-frameworks.sh\"\n";
			showEnvVarsInLog = 0;
		};
		81DA006E9ECFA723448BC927 /* [CP] Check Pods Manifest.lock */ = {
			isa = PBXShellScriptBuildPhase;
			buildActionMask = 2147483647;
			files = (
			);
			inputFileListPaths = (
			);
			inputPaths = (
				"${PODS_PODFILE_DIR_PATH}/Podfile.lock",
				"${PODS_ROOT}/Manifest.lock",
			);
			name = "[CP] Check Pods Manifest.lock";
			outputFileListPaths = (
			);
			outputPaths = (
				"$(DERIVED_FILE_DIR)/Pods-TwitterDemoTests-checkManifestLockResult.txt",
			);
			runOnlyForDeploymentPostprocessing = 0;
			shellPath = /bin/sh;
			shellScript = "diff \"${PODS_PODFILE_DIR_PATH}/Podfile.lock\" \"${PODS_ROOT}/Manifest.lock\" > /dev/null\nif [ $? != 0 ] ; then\n    # print error to STDERR\n    echo \"error: The sandbox is not in sync with the Podfile.lock. Run 'pod install' or update your CocoaPods installation.\" >&2\n    exit 1\nfi\n# This output is used by Xcode 'outputs' to avoid re-running this script phase.\necho \"SUCCESS\" > \"${SCRIPT_OUTPUT_FILE_0}\"\n";
			showEnvVarsInLog = 0;
		};
		852E2D9AD13B5FE30451BF99 /* [CP] Embed Pods Frameworks */ = {
			isa = PBXShellScriptBuildPhase;
			buildActionMask = 2147483647;
			files = (
			);
			inputFileListPaths = (
				"${PODS_ROOT}/Target Support Files/Pods-TwitterDemo-TwitterDemoUITests/Pods-TwitterDemo-TwitterDemoUITests-frameworks-${CONFIGURATION}-input-files.xcfilelist",
			);
			name = "[CP] Embed Pods Frameworks";
			outputFileListPaths = (
				"${PODS_ROOT}/Target Support Files/Pods-TwitterDemo-TwitterDemoUITests/Pods-TwitterDemo-TwitterDemoUITests-frameworks-${CONFIGURATION}-output-files.xcfilelist",
			);
			runOnlyForDeploymentPostprocessing = 0;
			shellPath = /bin/sh;
			shellScript = "\"${PODS_ROOT}/Target Support Files/Pods-TwitterDemo-TwitterDemoUITests/Pods-TwitterDemo-TwitterDemoUITests-frameworks.sh\"\n";
			showEnvVarsInLog = 0;
		};
		887C0A6D4378948E4B007CD3 /* [CP] Check Pods Manifest.lock */ = {
			isa = PBXShellScriptBuildPhase;
			buildActionMask = 2147483647;
			files = (
			);
			inputFileListPaths = (
			);
			inputPaths = (
				"${PODS_PODFILE_DIR_PATH}/Podfile.lock",
				"${PODS_ROOT}/Manifest.lock",
			);
			name = "[CP] Check Pods Manifest.lock";
			outputFileListPaths = (
			);
			outputPaths = (
				"$(DERIVED_FILE_DIR)/Pods-TwitterDemo-checkManifestLockResult.txt",
			);
			runOnlyForDeploymentPostprocessing = 0;
			shellPath = /bin/sh;
			shellScript = "diff \"${PODS_PODFILE_DIR_PATH}/Podfile.lock\" \"${PODS_ROOT}/Manifest.lock\" > /dev/null\nif [ $? != 0 ] ; then\n    # print error to STDERR\n    echo \"error: The sandbox is not in sync with the Podfile.lock. Run 'pod install' or update your CocoaPods installation.\" >&2\n    exit 1\nfi\n# This output is used by Xcode 'outputs' to avoid re-running this script phase.\necho \"SUCCESS\" > \"${SCRIPT_OUTPUT_FILE_0}\"\n";
			showEnvVarsInLog = 0;
		};
		FF52F334D4064108156E10A8 /* [CP] Check Pods Manifest.lock */ = {
			isa = PBXShellScriptBuildPhase;
			buildActionMask = 2147483647;
			files = (
			);
			inputFileListPaths = (
			);
			inputPaths = (
				"${PODS_PODFILE_DIR_PATH}/Podfile.lock",
				"${PODS_ROOT}/Manifest.lock",
			);
			name = "[CP] Check Pods Manifest.lock";
			outputFileListPaths = (
			);
			outputPaths = (
				"$(DERIVED_FILE_DIR)/Pods-TwitterDemo-TwitterDemoUITests-checkManifestLockResult.txt",
			);
			runOnlyForDeploymentPostprocessing = 0;
			shellPath = /bin/sh;
			shellScript = "diff \"${PODS_PODFILE_DIR_PATH}/Podfile.lock\" \"${PODS_ROOT}/Manifest.lock\" > /dev/null\nif [ $? != 0 ] ; then\n    # print error to STDERR\n    echo \"error: The sandbox is not in sync with the Podfile.lock. Run 'pod install' or update your CocoaPods installation.\" >&2\n    exit 1\nfi\n# This output is used by Xcode 'outputs' to avoid re-running this script phase.\necho \"SUCCESS\" > \"${SCRIPT_OUTPUT_FILE_0}\"\n";
			showEnvVarsInLog = 0;
		};
/* End PBXShellScriptBuildPhase section */

/* Begin PBXSourcesBuildPhase section */
		C7925F9C24C19E7F00262A28 /* Sources */ = {
			isa = PBXSourcesBuildPhase;
			buildActionMask = 2147483647;
			files = (
				C7925FA824C19E7F00262A28 /* HomeViewController.swift in Sources */,
				C7925FA424C19E7F00262A28 /* AppDelegate.swift in Sources */,
				A429E15124C248F2008FE7C6 /* SignupViewController.swift in Sources */,
				C7925FA624C19E7F00262A28 /* SceneDelegate.swift in Sources */,
				A45D485724C1DFF4004C4473 /* Post.swift in Sources */,
				A429E15724C24F6B008FE7C6 /* UITableView+Extensions.swift in Sources */,
				A40620C524C253A6009394BB /* UIImageView+Extensions.swift in Sources */,
				C75FFAB524C1ABA200583450 /* LoginViewController.swift in Sources */,
				C7925FDE24C1A74200262A28 /* AppConstants.swift in Sources */,
				A429E15324C24EBC008FE7C6 /* PostViewCell.swift in Sources */,
				A429E14F24C2416E008FE7C6 /* FirebaseAPI.swift in Sources */,
				A429E15924C24F9A008FE7C6 /* UIView+Extensions.swift in Sources */,
			);
			runOnlyForDeploymentPostprocessing = 0;
		};
		C7925FB224C19E8100262A28 /* Sources */ = {
			isa = PBXSourcesBuildPhase;
			buildActionMask = 2147483647;
			files = (
				C7925FBB24C19E8100262A28 /* TwitterDemoTests.swift in Sources */,
			);
			runOnlyForDeploymentPostprocessing = 0;
		};
		C7925FBD24C19E8100262A28 /* Sources */ = {
			isa = PBXSourcesBuildPhase;
			buildActionMask = 2147483647;
			files = (
				C7925FC624C19E8100262A28 /* TwitterDemoUITests.swift in Sources */,
			);
			runOnlyForDeploymentPostprocessing = 0;
		};
/* End PBXSourcesBuildPhase section */

/* Begin PBXTargetDependency section */
		C7925FB824C19E8100262A28 /* PBXTargetDependency */ = {
			isa = PBXTargetDependency;
			target = C7925F9F24C19E7F00262A28 /* TwitterDemo */;
			targetProxy = C7925FB724C19E8100262A28 /* PBXContainerItemProxy */;
		};
		C7925FC324C19E8100262A28 /* PBXTargetDependency */ = {
			isa = PBXTargetDependency;
			target = C7925F9F24C19E7F00262A28 /* TwitterDemo */;
			targetProxy = C7925FC224C19E8100262A28 /* PBXContainerItemProxy */;
		};
/* End PBXTargetDependency section */

/* Begin PBXVariantGroup section */
		C7925FA924C19E7F00262A28 /* HomeScreen.storyboard */ = {
			isa = PBXVariantGroup;
			children = (
				C7925FAA24C19E7F00262A28 /* Base */,
			);
			name = HomeScreen.storyboard;
			sourceTree = "<group>";
		};
		C7925FAE24C19E8100262A28 /* LaunchScreen.storyboard */ = {
			isa = PBXVariantGroup;
			children = (
				C7925FAF24C19E8100262A28 /* Base */,
			);
			name = LaunchScreen.storyboard;
			sourceTree = "<group>";
		};
/* End PBXVariantGroup section */

/* Begin XCBuildConfiguration section */
		C7925FC824C19E8100262A28 /* Debug */ = {
			isa = XCBuildConfiguration;
			buildSettings = {
				ALWAYS_SEARCH_USER_PATHS = NO;
				CLANG_ANALYZER_NONNULL = YES;
				CLANG_ANALYZER_NUMBER_OBJECT_CONVERSION = YES_AGGRESSIVE;
				CLANG_CXX_LANGUAGE_STANDARD = "gnu++14";
				CLANG_CXX_LIBRARY = "libc++";
				CLANG_ENABLE_MODULES = YES;
				CLANG_ENABLE_OBJC_ARC = YES;
				CLANG_ENABLE_OBJC_WEAK = YES;
				CLANG_WARN_BLOCK_CAPTURE_AUTORELEASING = YES;
				CLANG_WARN_BOOL_CONVERSION = YES;
				CLANG_WARN_COMMA = YES;
				CLANG_WARN_CONSTANT_CONVERSION = YES;
				CLANG_WARN_DEPRECATED_OBJC_IMPLEMENTATIONS = YES;
				CLANG_WARN_DIRECT_OBJC_ISA_USAGE = YES_ERROR;
				CLANG_WARN_DOCUMENTATION_COMMENTS = YES;
				CLANG_WARN_EMPTY_BODY = YES;
				CLANG_WARN_ENUM_CONVERSION = YES;
				CLANG_WARN_INFINITE_RECURSION = YES;
				CLANG_WARN_INT_CONVERSION = YES;
				CLANG_WARN_NON_LITERAL_NULL_CONVERSION = YES;
				CLANG_WARN_OBJC_IMPLICIT_RETAIN_SELF = YES;
				CLANG_WARN_OBJC_LITERAL_CONVERSION = YES;
				CLANG_WARN_OBJC_ROOT_CLASS = YES_ERROR;
				CLANG_WARN_RANGE_LOOP_ANALYSIS = YES;
				CLANG_WARN_STRICT_PROTOTYPES = YES;
				CLANG_WARN_SUSPICIOUS_MOVE = YES;
				CLANG_WARN_UNGUARDED_AVAILABILITY = YES_AGGRESSIVE;
				CLANG_WARN_UNREACHABLE_CODE = YES;
				CLANG_WARN__DUPLICATE_METHOD_MATCH = YES;
				COPY_PHASE_STRIP = NO;
				DEBUG_INFORMATION_FORMAT = dwarf;
				ENABLE_STRICT_OBJC_MSGSEND = YES;
				ENABLE_TESTABILITY = YES;
				GCC_C_LANGUAGE_STANDARD = gnu11;
				GCC_DYNAMIC_NO_PIC = NO;
				GCC_NO_COMMON_BLOCKS = YES;
				GCC_OPTIMIZATION_LEVEL = 0;
				GCC_PREPROCESSOR_DEFINITIONS = (
					"DEBUG=1",
					"$(inherited)",
				);
				GCC_WARN_64_TO_32_BIT_CONVERSION = YES;
				GCC_WARN_ABOUT_RETURN_TYPE = YES_ERROR;
				GCC_WARN_UNDECLARED_SELECTOR = YES;
				GCC_WARN_UNINITIALIZED_AUTOS = YES_AGGRESSIVE;
				GCC_WARN_UNUSED_FUNCTION = YES;
				GCC_WARN_UNUSED_VARIABLE = YES;
				IPHONEOS_DEPLOYMENT_TARGET = 13.4;
				MTL_ENABLE_DEBUG_INFO = INCLUDE_SOURCE;
				MTL_FAST_MATH = YES;
				ONLY_ACTIVE_ARCH = YES;
				SDKROOT = iphoneos;
				SWIFT_ACTIVE_COMPILATION_CONDITIONS = DEBUG;
				SWIFT_OPTIMIZATION_LEVEL = "-Onone";
			};
			name = Debug;
		};
		C7925FC924C19E8100262A28 /* Release */ = {
			isa = XCBuildConfiguration;
			buildSettings = {
				ALWAYS_SEARCH_USER_PATHS = NO;
				CLANG_ANALYZER_NONNULL = YES;
				CLANG_ANALYZER_NUMBER_OBJECT_CONVERSION = YES_AGGRESSIVE;
				CLANG_CXX_LANGUAGE_STANDARD = "gnu++14";
				CLANG_CXX_LIBRARY = "libc++";
				CLANG_ENABLE_MODULES = YES;
				CLANG_ENABLE_OBJC_ARC = YES;
				CLANG_ENABLE_OBJC_WEAK = YES;
				CLANG_WARN_BLOCK_CAPTURE_AUTORELEASING = YES;
				CLANG_WARN_BOOL_CONVERSION = YES;
				CLANG_WARN_COMMA = YES;
				CLANG_WARN_CONSTANT_CONVERSION = YES;
				CLANG_WARN_DEPRECATED_OBJC_IMPLEMENTATIONS = YES;
				CLANG_WARN_DIRECT_OBJC_ISA_USAGE = YES_ERROR;
				CLANG_WARN_DOCUMENTATION_COMMENTS = YES;
				CLANG_WARN_EMPTY_BODY = YES;
				CLANG_WARN_ENUM_CONVERSION = YES;
				CLANG_WARN_INFINITE_RECURSION = YES;
				CLANG_WARN_INT_CONVERSION = YES;
				CLANG_WARN_NON_LITERAL_NULL_CONVERSION = YES;
				CLANG_WARN_OBJC_IMPLICIT_RETAIN_SELF = YES;
				CLANG_WARN_OBJC_LITERAL_CONVERSION = YES;
				CLANG_WARN_OBJC_ROOT_CLASS = YES_ERROR;
				CLANG_WARN_RANGE_LOOP_ANALYSIS = YES;
				CLANG_WARN_STRICT_PROTOTYPES = YES;
				CLANG_WARN_SUSPICIOUS_MOVE = YES;
				CLANG_WARN_UNGUARDED_AVAILABILITY = YES_AGGRESSIVE;
				CLANG_WARN_UNREACHABLE_CODE = YES;
				CLANG_WARN__DUPLICATE_METHOD_MATCH = YES;
				COPY_PHASE_STRIP = NO;
				DEBUG_INFORMATION_FORMAT = "dwarf-with-dsym";
				ENABLE_NS_ASSERTIONS = NO;
				ENABLE_STRICT_OBJC_MSGSEND = YES;
				GCC_C_LANGUAGE_STANDARD = gnu11;
				GCC_NO_COMMON_BLOCKS = YES;
				GCC_WARN_64_TO_32_BIT_CONVERSION = YES;
				GCC_WARN_ABOUT_RETURN_TYPE = YES_ERROR;
				GCC_WARN_UNDECLARED_SELECTOR = YES;
				GCC_WARN_UNINITIALIZED_AUTOS = YES_AGGRESSIVE;
				GCC_WARN_UNUSED_FUNCTION = YES;
				GCC_WARN_UNUSED_VARIABLE = YES;
				IPHONEOS_DEPLOYMENT_TARGET = 13.4;
				MTL_ENABLE_DEBUG_INFO = NO;
				MTL_FAST_MATH = YES;
				SDKROOT = iphoneos;
				SWIFT_COMPILATION_MODE = wholemodule;
				SWIFT_OPTIMIZATION_LEVEL = "-O";
				VALIDATE_PRODUCT = YES;
			};
			name = Release;
		};
		C7925FCB24C19E8100262A28 /* Debug */ = {
			isa = XCBuildConfiguration;
			baseConfigurationReference = B9240630963D95B1EBB8BBE7 /* Pods-TwitterDemo.debug.xcconfig */;
			buildSettings = {
				ASSETCATALOG_COMPILER_APPICON_NAME = AppIcon;
				CODE_SIGN_STYLE = Automatic;
				DEVELOPMENT_TEAM = D8B9Q8FP56;
				INFOPLIST_FILE = TwitterDemo/Info.plist;
				LD_RUNPATH_SEARCH_PATHS = (
					"$(inherited)",
					"@executable_path/Frameworks",
				);
				PRODUCT_BUNDLE_IDENTIFIER = com.congtung.TwitterDemo;
				PRODUCT_NAME = "$(TARGET_NAME)";
				SWIFT_VERSION = 5.0;
				TARGETED_DEVICE_FAMILY = "1,2";
			};
			name = Debug;
		};
		C7925FCC24C19E8100262A28 /* Release */ = {
			isa = XCBuildConfiguration;
			baseConfigurationReference = 2730A3CB2A4502E25C4894F4 /* Pods-TwitterDemo.release.xcconfig */;
			buildSettings = {
				ASSETCATALOG_COMPILER_APPICON_NAME = AppIcon;
				CODE_SIGN_STYLE = Automatic;
				DEVELOPMENT_TEAM = D8B9Q8FP56;
				INFOPLIST_FILE = TwitterDemo/Info.plist;
				LD_RUNPATH_SEARCH_PATHS = (
					"$(inherited)",
					"@executable_path/Frameworks",
				);
				PRODUCT_BUNDLE_IDENTIFIER = com.congtung.TwitterDemo;
				PRODUCT_NAME = "$(TARGET_NAME)";
				SWIFT_VERSION = 5.0;
				TARGETED_DEVICE_FAMILY = "1,2";
			};
			name = Release;
		};
		C7925FCE24C19E8200262A28 /* Debug */ = {
			isa = XCBuildConfiguration;
			baseConfigurationReference = B54C0AD32DEF12858C2486DA /* Pods-TwitterDemoTests.debug.xcconfig */;
			buildSettings = {
				ALWAYS_EMBED_SWIFT_STANDARD_LIBRARIES = YES;
				BUNDLE_LOADER = "$(TEST_HOST)";
				CODE_SIGN_STYLE = Automatic;
				DEVELOPMENT_TEAM = D8B9Q8FP56;
				INFOPLIST_FILE = TwitterDemoTests/Info.plist;
				IPHONEOS_DEPLOYMENT_TARGET = 13.4;
				LD_RUNPATH_SEARCH_PATHS = (
					"$(inherited)",
					"@executable_path/Frameworks",
					"@loader_path/Frameworks",
				);
				PRODUCT_BUNDLE_IDENTIFIER = test.ui.TwitterDemoTests;
				PRODUCT_NAME = "$(TARGET_NAME)";
				SWIFT_VERSION = 5.0;
				TARGETED_DEVICE_FAMILY = "1,2";
				TEST_HOST = "$(BUILT_PRODUCTS_DIR)/TwitterDemo.app/TwitterDemo";
			};
			name = Debug;
		};
		C7925FCF24C19E8200262A28 /* Release */ = {
			isa = XCBuildConfiguration;
			baseConfigurationReference = 8A9DF9F1FA3E2F77F7685C2F /* Pods-TwitterDemoTests.release.xcconfig */;
			buildSettings = {
				ALWAYS_EMBED_SWIFT_STANDARD_LIBRARIES = YES;
				BUNDLE_LOADER = "$(TEST_HOST)";
				CODE_SIGN_STYLE = Automatic;
				DEVELOPMENT_TEAM = D8B9Q8FP56;
				INFOPLIST_FILE = TwitterDemoTests/Info.plist;
				IPHONEOS_DEPLOYMENT_TARGET = 13.4;
				LD_RUNPATH_SEARCH_PATHS = (
					"$(inherited)",
					"@executable_path/Frameworks",
					"@loader_path/Frameworks",
				);
				PRODUCT_BUNDLE_IDENTIFIER = test.ui.TwitterDemoTests;
				PRODUCT_NAME = "$(TARGET_NAME)";
				SWIFT_VERSION = 5.0;
				TARGETED_DEVICE_FAMILY = "1,2";
				TEST_HOST = "$(BUILT_PRODUCTS_DIR)/TwitterDemo.app/TwitterDemo";
			};
			name = Release;
		};
		C7925FD124C19E8200262A28 /* Debug */ = {
			isa = XCBuildConfiguration;
			baseConfigurationReference = 26E8852E6EDF2BFC559FD359 /* Pods-TwitterDemo-TwitterDemoUITests.debug.xcconfig */;
			buildSettings = {
				ALWAYS_EMBED_SWIFT_STANDARD_LIBRARIES = YES;
				CODE_SIGN_STYLE = Automatic;
				DEVELOPMENT_TEAM = D8B9Q8FP56;
				INFOPLIST_FILE = TwitterDemoUITests/Info.plist;
				LD_RUNPATH_SEARCH_PATHS = (
					"$(inherited)",
					"@executable_path/Frameworks",
					"@loader_path/Frameworks",
				);
				PRODUCT_BUNDLE_IDENTIFIER = test.ui.TwitterDemoUITests;
				PRODUCT_NAME = "$(TARGET_NAME)";
				SWIFT_VERSION = 5.0;
				TARGETED_DEVICE_FAMILY = "1,2";
				TEST_TARGET_NAME = TwitterDemo;
			};
			name = Debug;
		};
		C7925FD224C19E8200262A28 /* Release */ = {
			isa = XCBuildConfiguration;
			baseConfigurationReference = E84B9F3DC88ECDA967571487 /* Pods-TwitterDemo-TwitterDemoUITests.release.xcconfig */;
			buildSettings = {
				ALWAYS_EMBED_SWIFT_STANDARD_LIBRARIES = YES;
				CODE_SIGN_STYLE = Automatic;
				DEVELOPMENT_TEAM = D8B9Q8FP56;
				INFOPLIST_FILE = TwitterDemoUITests/Info.plist;
				LD_RUNPATH_SEARCH_PATHS = (
					"$(inherited)",
					"@executable_path/Frameworks",
					"@loader_path/Frameworks",
				);
				PRODUCT_BUNDLE_IDENTIFIER = test.ui.TwitterDemoUITests;
				PRODUCT_NAME = "$(TARGET_NAME)";
				SWIFT_VERSION = 5.0;
				TARGETED_DEVICE_FAMILY = "1,2";
				TEST_TARGET_NAME = TwitterDemo;
			};
			name = Release;
		};
/* End XCBuildConfiguration section */

/* Begin XCConfigurationList section */
		C7925F9B24C19E7F00262A28 /* Build configuration list for PBXProject "TwitterDemo" */ = {
			isa = XCConfigurationList;
			buildConfigurations = (
				C7925FC824C19E8100262A28 /* Debug */,
				C7925FC924C19E8100262A28 /* Release */,
			);
			defaultConfigurationIsVisible = 0;
			defaultConfigurationName = Release;
		};
		C7925FCA24C19E8100262A28 /* Build configuration list for PBXNativeTarget "TwitterDemo" */ = {
			isa = XCConfigurationList;
			buildConfigurations = (
				C7925FCB24C19E8100262A28 /* Debug */,
				C7925FCC24C19E8100262A28 /* Release */,
			);
			defaultConfigurationIsVisible = 0;
			defaultConfigurationName = Release;
		};
		C7925FCD24C19E8200262A28 /* Build configuration list for PBXNativeTarget "TwitterDemoTests" */ = {
			isa = XCConfigurationList;
			buildConfigurations = (
				C7925FCE24C19E8200262A28 /* Debug */,
				C7925FCF24C19E8200262A28 /* Release */,
			);
			defaultConfigurationIsVisible = 0;
			defaultConfigurationName = Release;
		};
		C7925FD024C19E8200262A28 /* Build configuration list for PBXNativeTarget "TwitterDemoUITests" */ = {
			isa = XCConfigurationList;
			buildConfigurations = (
				C7925FD124C19E8200262A28 /* Debug */,
				C7925FD224C19E8200262A28 /* Release */,
			);
			defaultConfigurationIsVisible = 0;
			defaultConfigurationName = Release;
		};
/* End XCConfigurationList section */
	};
	rootObject = C7925F9824C19E7F00262A28 /* Project object */;
}
